
Microsoft Visual Studio Solution File, Format Version 12.00
# Visual Studio Version 16
VisualStudioVersion = 16.0.30503.244
MinimumVisualStudioVersion = 10.0.40219.1
Project("{FAE04EC0-301F-11D3-BF4B-00C04F79EFBC}") = "CustomMiddleware2", "CustomMiddleware2\CustomMiddleware2.csproj", "{B448152D-D862-47E5-8E74-12870D9AA192}"
EndProject
Global
	GlobalSection(SolutionConfigurationPlatforms) = preSolution
		Debug|Any CPU = Debug|Any CPU
		Release|Any CPU = Release|Any CPU
	EndGlobalSection
	GlobalSection(ProjectConfigurationPlatforms) = postSolution
		{B448152D-D862-47E5-8E74-12870D9AA192}.Debug|Any CPU.ActiveCfg = Debug|Any CPU
		{B448152D-D862-47E5-8E74-12870D9AA192}.Debug|Any CPU.Build.0 = Debug|Any CPU
		{B448152D-D862-47E5-8E74-12870D9AA192}.Release|Any CPU.ActiveCfg = Release|Any CPU
		{B448152D-D862-47E5-8E74-12870D9AA192}.Release|Any CPU.Build.0 = Release|Any CPU
	EndGlobalSection
	GlobalSection(SolutionProperties) = preSolution
		HideSolutionNode = FALSE
	EndGlobalSection
	GlobalSection(ExtensibilityGlobals) = postSolution
		SolutionGuid = {ED3B2B53-D255-458B-B943-02B7DB1A760C}
	EndGlobalSection
EndGlobal
